# THIS IS AN AUTOGENERATED FILE. DO NOT EDIT THIS FILE DIRECTLY.
# yarn lockfile v1


"@types/draft-js@^0.10.44":
  version "0.10.44"
  resolved "http://r.tnpm.oa.com/@types/draft-js/download/@types/draft-js-0.10.44.tgz#7cd59d1cc335df31a92e86d09429ea22ce2f6a4f"
  integrity sha1-fNWdHMM13zGpLobQlCnqIs4vak8=
  dependencies:
    "@types/react" "*"
    immutable "~3.7.4"

"@types/prop-types@*":
  version "15.7.3"
  resolved "http://r.tnpm.oa.com/@types/prop-types/download/@types/prop-types-15.7.3.tgz#2ab0d5da2e5815f94b0b9d4b95d1e5f243ab2ca7"
  integrity sha1-KrDV2i5YFflLC51LldHl8kOrLKc=

"@types/react@*":
  version "16.9.49"
  resolved "http://r.tnpm.oa.com/@types/react/download/@types/react-16.9.49.tgz#09db021cf8089aba0cdb12a49f8021a69cce4872"
  integrity sha1-CdsCHPgImroM2xKkn4AhppzOSHI=
  dependencies:
    "@types/prop-types" "*"
    csstype "^3.0.2"

asap@~2.0.3:
  version "2.0.6"
  resolved "http://r.tnpm.oa.com/asap/-/asap-2.0.6.tgz#e50347611d7e690943208bbdafebcbc2fb866d46"
  integrity sha1-5QNHYR1+aQlDIIu9r+vLwvuGbUY=

clsx@^1.0.4:
  version "1.1.1"
  resolved "http://r.tnpm.oa.com/clsx/-/clsx-1.1.1.tgz#98b3134f9abbdf23b2663491ace13c5c03a73188"
  integrity sha512-6/bPho624p3S2pMyvP5kKBPXnI3ufHLObBFCfgx+LkeR5lg2XYy2hqZqUf45ypD8COn2bhgGJSUE+l5dhNBieA==

core-js@^3.6.4:
  version "3.6.5"
  resolved "http://r.tnpm.oa.com/core-js/-/core-js-3.6.5.tgz#7395dc273af37fb2e50e9bd3d9fe841285231d1a"
  integrity sha512-vZVEEwZoIsI+vPEuoF9Iqf5H7/M3eeQqWlQnYa8FSKKePuYTf5MWnxb5SDAzCa60b3JBRS5g9b+Dq7b1y/RCrA==

cross-fetch@^3.0.4:
  version "3.0.6"
  resolved "http://r.tnpm.oa.com/cross-fetch/-/cross-fetch-3.0.6.tgz#3a4040bc8941e653e0e9cf17f29ebcd177d3365c"
  integrity sha512-KBPUbqgFjzWlVcURG+Svp9TlhA5uliYtiNx/0r8nv0pdypeQCRJ9IaSIc3q/x3q8t3F75cHuwxVql1HFGHCNJQ==
  dependencies:
    node-fetch "2.6.1"

csstype@^3.0.2:
  version "3.0.3"
  resolved "http://r.tnpm.oa.com/csstype/-/csstype-3.0.3.tgz#2b410bbeba38ba9633353aff34b05d9755d065f8"
  integrity sha512-jPl+wbWPOWJ7SXsWyqGRk3lGecbar0Cb0OvZF/r/ZU011R4YqiRehgkQ9p4eQfo9DSDLqLL3wHwfxeJiuIsNag==

draft-js-hashtag-plugin@^2.0.4:
  version "2.0.4"
  resolved "http://r.tnpm.oa.com/draft-js-hashtag-plugin/-/draft-js-hashtag-plugin-2.0.4.tgz#a173403e4de3354539d0ba16ee6e9affa855154d"
  integrity sha512-kqsPzRGclvKxut7YfAECJLY/9XGaLqppHHYR/UF1jhYdmfW3BF2LjXgOCDD7HphBl3cHsoQ0+N9SwD5T8iLf8g==
  dependencies:
    clsx "^1.0.4"

draft-js-linkify-plugin@^2.0.2:
  version "2.0.2"
  resolved "http://r.tnpm.oa.com/draft-js-linkify-plugin/-/draft-js-linkify-plugin-2.0.2.tgz#0ef40581f0a97728a49f6b010057c6191aad5d45"
  integrity sha512-bW2XwNonPNEbfp9T5PmnUIVLVrX5KpU0OHC5KWmo0B8nnCJlbccvTj6CYL7cCGynTg0wycKbXYuJVdggRrExBg==
  dependencies:
    clsx "^1.0.4"
    linkify-it "^2.0.3"
    tlds "^1.189.0"

draft-js-plugins-editor@^3.0.0:
  version "3.0.0"
  resolved "http://r.tnpm.oa.com/draft-js-plugins-editor/-/draft-js-plugins-editor-3.0.0.tgz#196d1e065e2c29faebaab4ec081b734fdef294a2"
  integrity sha512-bFEL0FUIPg9VK3KSeBZ3D+uMqQEVe4Cv7++LWCMASRH02jy6x2f87NRxSZLzTQES5+oL6Qg+OEUlaTn409145A==
  dependencies:
    immutable "~3.7.4"
    prop-types "^15.5.8"

"draft-js@^0.10.1 || ^0.11.0":
  version "0.11.7"
  resolved "http://r.tnpm.oa.com/draft-js/download/draft-js-0.11.7.tgz#be293aaa255c46d8a6647f3860aa4c178484a206"
  integrity sha1-vik6qiVcRtimZH84YKpMF4SEogY=
  dependencies:
    fbjs "^2.0.0"
    immutable "~3.7.4"
    object-assign "^4.1.1"

fbjs-css-vars@^1.0.0:
  version "1.0.2"
  resolved "http://r.tnpm.oa.com/fbjs-css-vars/-/fbjs-css-vars-1.0.2.tgz#216551136ae02fe255932c3ec8775f18e2c078b8"
  integrity sha512-b2XGFAFdWZWg0phtAWLHCk836A1Xann+I+Dgd3Gk64MHKZO44FfoD1KxyvbSh0qZsIoXQGGlVztIY+oitJPpRQ==

fbjs@^2.0.0:
  version "2.0.0"
  resolved "http://r.tnpm.oa.com/fbjs/-/fbjs-2.0.0.tgz#01fb812138d7e31831ed3e374afe27b9169ef442"
  integrity sha512-8XA8ny9ifxrAWlyhAbexXcs3rRMtxWcs3M0lctLfB49jRDHiaxj+Mo0XxbwE7nKZYzgCFoq64FS+WFd4IycPPQ==
  dependencies:
    core-js "^3.6.4"
    cross-fetch "^3.0.4"
    fbjs-css-vars "^1.0.0"
    loose-envify "^1.0.0"
    object-assign "^4.1.0"
    promise "^7.1.1"
    setimmediate "^1.0.5"
    ua-parser-js "^0.7.18"

immutable@^4.0.0-rc.12:
  version "4.0.0-rc.12"
  resolved "http://r.tnpm.oa.com/immutable/download/immutable-4.0.0-rc.12.tgz#ca59a7e4c19ae8d9bf74a97bdf0f6e2f2a5d0217"
  integrity sha1-ylmn5MGa6Nm/dKl73w9uLypdAhc=

immutable@~3.7.4:
  version "3.7.6"
  resolved "http://r.tnpm.oa.com/immutable/download/immutable-3.7.6.tgz#13b4d3cb12befa15482a26fe1b2ebae640071e4b"
  integrity sha1-E7TTyxK++hVIKib+Gy665kAHHks=

"js-tokens@^3.0.0 || ^4.0.0":
  version "4.0.0"
  resolved "http://r.tnpm.oa.com/js-tokens/download/js-tokens-4.0.0.tgz#19203fb59991df98e3a287050d4647cdeaf32499"
  integrity sha1-GSA/tZmR35jjoocFDUZHzerzJJk=

linkify-it@^2.0.3:
  version "2.2.0"
  resolved "http://r.tnpm.oa.com/linkify-it/download/linkify-it-2.2.0.tgz#e3b54697e78bf915c70a38acd78fd09e0058b1cf"
  integrity sha1-47VGl+eL+RXHCjis14/QngBYsc8=
  dependencies:
    uc.micro "^1.0.1"

loose-envify@^1.0.0, loose-envify@^1.1.0, loose-envify@^1.4.0:
  version "1.4.0"
  resolved "http://r.tnpm.oa.com/loose-envify/download/loose-envify-1.4.0.tgz#71ee51fa7be4caec1a63839f7e682d8132d30caf"
  integrity sha1-ce5R+nvkyuwaY4OffmgtgTLTDK8=
  dependencies:
    js-tokens "^3.0.0 || ^4.0.0"

node-fetch@2.6.1:
  version "2.6.1"
  resolved "http://r.tnpm.oa.com/node-fetch/-/node-fetch-2.6.1.tgz#045bd323631f76ed2e2b55573394416b639a0052"
  integrity sha512-V4aYg89jEoVRxRb2fJdAg8FHvI7cEyYdVAh94HH0UIK8oJxUfkjlDQN9RbMx+bEjP7+ggMiFRprSti032Oipxw==

object-assign@^4.1.0, object-assign@^4.1.1:
  version "4.1.1"
  resolved "http://r.tnpm.oa.com/object-assign/download/object-assign-4.1.1.tgz#2109adc7965887cfc05cbbd442cac8bfbb360863"
  integrity sha1-IQmtx5ZYh8/AXLvUQsrIv7s2CGM=

promise@^7.1.1:
  version "7.3.1"
  resolved "http://r.tnpm.oa.com/promise/download/promise-7.3.1.tgz#064b72602b18f90f29192b8b1bc418ffd1ebd3bf"
  integrity sha1-BktyYCsY+Q8pGSuLG8QY/9Hr078=
  dependencies:
    asap "~2.0.3"

prop-types@^15.5.8, prop-types@^15.6.2, prop-types@^15.7.2:
  version "15.7.2"
  resolved "http://r.tnpm.oa.com/prop-types/download/prop-types-15.7.2.tgz#52c41e75b8c87e72b9d9360e0206b99dcbffa6c5"
  integrity sha1-UsQedbjIfnK52TYOAga5ncv/psU=
  dependencies:
    loose-envify "^1.4.0"
    object-assign "^4.1.1"
    react-is "^16.8.1"

"react-dom@^15.5.0 || ^16.0.0-rc":
  version "16.13.1"
  resolved "http://r.tnpm.oa.com/react-dom/download/react-dom-16.13.1.tgz#c1bd37331a0486c078ee54c4740720993b2e0e7f"
  integrity sha1-wb03MxoEhsB47lTEdAcgmTsuDn8=
  dependencies:
    loose-envify "^1.1.0"
    object-assign "^4.1.1"
    prop-types "^15.6.2"
    scheduler "^0.19.1"

react-is@^16.8.1:
  version "16.13.1"
  resolved "http://r.tnpm.oa.com/react-is/download/react-is-16.13.1.tgz#789729a4dc36de2999dc156dd6c1d9c18cea56a4"
  integrity sha1-eJcppNw23imZ3BVt1sHZwYzqVqQ=

"react@^15.5.0 || ^16.0.0-rc":
  version "16.13.1"
  resolved "http://r.tnpm.oa.com/react/download/react-16.13.1.tgz#2e818822f1a9743122c063d6410d85c1e3afe48e"
  integrity sha1-LoGIIvGpdDEiwGPWQQ2FweOv5I4=
  dependencies:
    loose-envify "^1.1.0"
    object-assign "^4.1.1"
    prop-types "^15.6.2"

scheduler@^0.19.1:
  version "0.19.1"
  resolved "http://r.tnpm.oa.com/scheduler/download/scheduler-0.19.1.tgz#4f3e2ed2c1a7d65681f4c854fa8c5a1ccb40f196"
  integrity sha1-Tz4u0sGn1laB9MhU+oxaHMtA8ZY=
  dependencies:
    loose-envify "^1.1.0"
    object-assign "^4.1.1"

setimmediate@^1.0.5:
  version "1.0.5"
  resolved "http://r.tnpm.oa.com/setimmediate/download/setimmediate-1.0.5.tgz#290cbb232e306942d7d7ea9b83732ab7856f8285"
  integrity sha1-KQy7Iy4waULX1+qbg3Mqt4VvgoU=

tlds@^1.189.0:
  version "1.209.0"
  resolved "http://r.tnpm.oa.com/tlds/download/tlds-1.209.0.tgz#13cfdc039331d49730ca7bfa9526fc9b319e2cec"
  integrity sha1-E8/cA5Mx1Jcwynv6lSb8mzGeLOw=

typescript@^4.0.2:
  version "4.0.2"
  resolved "http://r.tnpm.oa.com/typescript/download/typescript-4.0.2.tgz#7ea7c88777c723c681e33bf7988be5d008d05ac2"
  integrity sha1-fqfIh3fHI8aB4zv3mIvl0AjQWsI=

ua-parser-js@^0.7.18:
  version "0.7.22"
  resolved "http://r.tnpm.oa.com/ua-parser-js/download/ua-parser-js-0.7.22.tgz#960df60a5f911ea8f1c818f3747b99c6e177eae3"
  integrity sha1-lg32Cl+RHqjxyBjzdHuZxuF36uM=

uc.micro@^1.0.1:
  version "1.0.6"
  resolved "http://r.tnpm.oa.com/uc.micro/download/uc.micro-1.0.6.tgz#9c411a802a409a91fc6cf74081baba34b24499ac"
  integrity sha1-nEEagCpAmpH8bPdAgbq6NLJEmaw=
